
Microsoft Visual Studio Solution File, Format Version 12.00
# Visual Studio Version 17
VisualStudioVersion = 17.2.32519.379
MinimumVisualStudioVersion = 10.0.40219.1
Project("{9A19103F-16F7-4668-BE54-9A1E7A4F7556}") = "Clothing Shop", "Clothing Shop.csproj", "{327A40A6-95B6-4065-B5AD-9080393FF00F}"
EndProject
Global
	GlobalSection(SolutionConfigurationPlatforms) = preSolution
		Debug|Any CPU = Debug|Any CPU
		Release|Any CPU = Release|Any CPU
	EndGlobalSection
	GlobalSection(ProjectConfigurationPlatforms) = postSolution
		{327A40A6-95B6-4065-B5AD-9080393FF00F}.Debug|Any CPU.ActiveCfg = Debug|Any CPU
		{327A40A6-95B6-4065-B5AD-9080393FF00F}.Debug|Any CPU.Build.0 = Debug|Any CPU
		{327A40A6-95B6-4065-B5AD-9080393FF00F}.Release|Any CPU.ActiveCfg = Release|Any CPU
		{327A40A6-95B6-4065-B5AD-9080393FF00F}.Release|Any CPU.Build.0 = Release|Any CPU
	EndGlobalSection
	GlobalSection(SolutionProperties) = preSolution
		HideSolutionNode = FALSE
	EndGlobalSection
	GlobalSection(ExtensibilityGlobals) = postSolution
		SolutionGuid = {4B747B5B-2FD4-452F-87C1-4B6B2252462C}
	EndGlobalSection
EndGlobal
